
Microsoft Visual Studio Solution File, Format Version 12.00
# Visual Studio 15
VisualStudioVersion = 15.0.28010.2016
MinimumVisualStudioVersion = 10.0.40219.1
Project("{FAE04EC0-301F-11D3-BF4B-00C04F79EFBC}") = "Tests", "Tests\Tests.csproj", "{8A78278E-D7C9-43ED-A2CA-FE8759E2AECC}"
EndProject
Project("{FAE04EC0-301F-11D3-BF4B-00C04F79EFBC}") = "Sample Application (xFile)", "SampleApplication\Sample Application (xFile).csproj", "{151AAED8-9730-446C-843C-AF37BFF82100}"
EndProject
Project("{2150E333-8FDC-42A3-9474-1A3956D46DE8}") = "Files", "Files", "{AE80395D-4F89-420D-BE1B-E15105299499}"
	ProjectSection(SolutionItems) = preProject
		..\dir.props = ..\dir.props
		..\LICENSE = ..\LICENSE
		..\README.md = ..\README.md
	EndProjectSection
EndProject
Project("{2150E333-8FDC-42A3-9474-1A3956D46DE8}") = "Test", "Test", "{8D5BA9DE-C6B9-480C-8FA4-5165F3CA58DE}"
EndProject
Project("{FAE04EC0-301F-11D3-BF4B-00C04F79EFBC}") = "xTask", "xTask\xTask.csproj", "{0319957F-B065-4BB2-B1EB-D819C8688050}"
EndProject
Global
	GlobalSection(SolutionConfigurationPlatforms) = preSolution
		Debug|Any CPU = Debug|Any CPU
		Debug|x64 = Debug|x64
		Debug|x86 = Debug|x86
		Release|Any CPU = Release|Any CPU
		Release|x64 = Release|x64
		Release|x86 = Release|x86
	EndGlobalSection
	GlobalSection(ProjectConfigurationPlatforms) = postSolution
		{8A78278E-D7C9-43ED-A2CA-FE8759E2AECC}.Debug|Any CPU.ActiveCfg = Debug|Any CPU
		{8A78278E-D7C9-43ED-A2CA-FE8759E2AECC}.Debug|Any CPU.Build.0 = Debug|Any CPU
		{8A78278E-D7C9-43ED-A2CA-FE8759E2AECC}.Debug|Any CPU.Deploy.0 = Debug|Any CPU
		{8A78278E-D7C9-43ED-A2CA-FE8759E2AECC}.Debug|x64.ActiveCfg = Debug|Any CPU
		{8A78278E-D7C9-43ED-A2CA-FE8759E2AECC}.Debug|x64.Build.0 = Debug|Any CPU
		{8A78278E-D7C9-43ED-A2CA-FE8759E2AECC}.Debug|x86.ActiveCfg = Debug|Any CPU
		{8A78278E-D7C9-43ED-A2CA-FE8759E2AECC}.Debug|x86.Build.0 = Debug|Any CPU
		{8A78278E-D7C9-43ED-A2CA-FE8759E2AECC}.Release|Any CPU.ActiveCfg = Debug|Any CPU
		{8A78278E-D7C9-43ED-A2CA-FE8759E2AECC}.Release|Any CPU.Build.0 = Debug|Any CPU
		{8A78278E-D7C9-43ED-A2CA-FE8759E2AECC}.Release|x64.ActiveCfg = Release|Any CPU
		{8A78278E-D7C9-43ED-A2CA-FE8759E2AECC}.Release|x64.Build.0 = Release|Any CPU
		{8A78278E-D7C9-43ED-A2CA-FE8759E2AECC}.Release|x86.ActiveCfg = Release|Any CPU
		{8A78278E-D7C9-43ED-A2CA-FE8759E2AECC}.Release|x86.Build.0 = Release|Any CPU
		{151AAED8-9730-446C-843C-AF37BFF82100}.Debug|Any CPU.ActiveCfg = Debug|Any CPU
		{151AAED8-9730-446C-843C-AF37BFF82100}.Debug|Any CPU.Build.0 = Debug|Any CPU
		{151AAED8-9730-446C-843C-AF37BFF82100}.Debug|Any CPU.Deploy.0 = Debug|Any CPU
		{151AAED8-9730-446C-843C-AF37BFF82100}.Debug|x64.ActiveCfg = Debug|Any CPU
		{151AAED8-9730-446C-843C-AF37BFF82100}.Debug|x64.Build.0 = Debug|Any CPU
		{151AAED8-9730-446C-843C-AF37BFF82100}.Debug|x86.ActiveCfg = Debug|Any CPU
		{151AAED8-9730-446C-843C-AF37BFF82100}.Debug|x86.Build.0 = Debug|Any CPU
		{151AAED8-9730-446C-843C-AF37BFF82100}.Release|Any CPU.ActiveCfg = Release|Any CPU
		{151AAED8-9730-446C-843C-AF37BFF82100}.Release|Any CPU.Build.0 = Release|Any CPU
		{151AAED8-9730-446C-843C-AF37BFF82100}.Release|x64.ActiveCfg = Release|Any CPU
		{151AAED8-9730-446C-843C-AF37BFF82100}.Release|x64.Build.0 = Release|Any CPU
		{151AAED8-9730-446C-843C-AF37BFF82100}.Release|x86.ActiveCfg = Release|Any CPU
		{151AAED8-9730-446C-843C-AF37BFF82100}.Release|x86.Build.0 = Release|Any CPU
		{0319957F-B065-4BB2-B1EB-D819C8688050}.Debug|Any CPU.ActiveCfg = Debug|Any CPU
		{0319957F-B065-4BB2-B1EB-D819C8688050}.Debug|Any CPU.Build.0 = Debug|Any CPU
		{0319957F-B065-4BB2-B1EB-D819C8688050}.Debug|x64.ActiveCfg = Debug|Any CPU
		{0319957F-B065-4BB2-B1EB-D819C8688050}.Debug|x64.Build.0 = Debug|Any CPU
		{0319957F-B065-4BB2-B1EB-D819C8688050}.Debug|x86.ActiveCfg = Debug|Any CPU
		{0319957F-B065-4BB2-B1EB-D819C8688050}.Debug|x86.Build.0 = Debug|Any CPU
		{0319957F-B065-4BB2-B1EB-D819C8688050}.Release|Any CPU.ActiveCfg = Release|Any CPU
		{0319957F-B065-4BB2-B1EB-D819C8688050}.Release|Any CPU.Build.0 = Release|Any CPU
		{0319957F-B065-4BB2-B1EB-D819C8688050}.Release|x64.ActiveCfg = Release|Any CPU
		{0319957F-B065-4BB2-B1EB-D819C8688050}.Release|x64.Build.0 = Release|Any CPU
		{0319957F-B065-4BB2-B1EB-D819C8688050}.Release|x86.ActiveCfg = Release|Any CPU
		{0319957F-B065-4BB2-B1EB-D819C8688050}.Release|x86.Build.0 = Release|Any CPU
	EndGlobalSection
	GlobalSection(SolutionProperties) = preSolution
		HideSolutionNode = FALSE
	EndGlobalSection
	GlobalSection(NestedProjects) = preSolution
		{8A78278E-D7C9-43ED-A2CA-FE8759E2AECC} = {8D5BA9DE-C6B9-480C-8FA4-5165F3CA58DE}
	EndGlobalSection
	GlobalSection(ExtensibilityGlobals) = postSolution
		SolutionGuid = {6FCD4B76-81B8-4BCE-AF91-AF9639DCC244}
	EndGlobalSection
EndGlobal
